
Microsoft Visual Studio Solution File, Format Version 12.00
# Visual Studio 15
VisualStudioVersion = 15.0.27130.2036
MinimumVisualStudioVersion = 10.0.40219.1
Project("{FAE04EC0-301F-11D3-BF4B-00C04F79EFBC}") = "Bates_Reservation_Chambre", "Bates_Reservation_Chambre.csproj", "{DBD346CA-7981-4674-85E4-80F28A175EB1}"
EndProject
Global
	GlobalSection(SolutionConfigurationPlatforms) = preSolution
		Debug|Any CPU = Debug|Any CPU
		Release|Any CPU = Release|Any CPU
	EndGlobalSection
	GlobalSection(ProjectConfigurationPlatforms) = postSolution
		{DBD346CA-7981-4674-85E4-80F28A175EB1}.Debug|Any CPU.ActiveCfg = Debug|Any CPU
		{DBD346CA-7981-4674-85E4-80F28A175EB1}.Debug|Any CPU.Build.0 = Debug|Any CPU
		{DBD346CA-7981-4674-85E4-80F28A175EB1}.Release|Any CPU.ActiveCfg = Release|Any CPU
		{DBD346CA-7981-4674-85E4-80F28A175EB1}.Release|Any CPU.Build.0 = Release|Any CPU
	EndGlobalSection
	GlobalSection(SolutionProperties) = preSolution
		HideSolutionNode = FALSE
	EndGlobalSection
	GlobalSection(ExtensibilityGlobals) = postSolution
		SolutionGuid = {657E46DB-64F2-4C03-9F45-2EEF249CA810}
	EndGlobalSection
EndGlobal
